
Microsoft Visual Studio Solution File, Format Version 12.00
# Visual Studio Version 16
VisualStudioVersion = 16.0.30907.101
MinimumVisualStudioVersion = 10.0.40219.1
Project("{8BC9CEB8-8B4A-11D0-8D11-00A0C91BC942}") = "CompilerC", "CompilerC.vcxproj", "{DF60AF1D-5550-429D-8E06-4BD4F2E01A70}"
EndProject
Global
	GlobalSection(SolutionConfigurationPlatforms) = preSolution
		Debug|x64 = Debug|x64
		Release|x64 = Release|x64
	EndGlobalSection
	GlobalSection(ProjectConfigurationPlatforms) = postSolution
		{DF60AF1D-5550-429D-8E06-4BD4F2E01A70}.Debug|x64.ActiveCfg = Debug|x64
		{DF60AF1D-5550-429D-8E06-4BD4F2E01A70}.Debug|x64.Build.0 = Debug|x64
		{DF60AF1D-5550-429D-8E06-4BD4F2E01A70}.Release|x64.ActiveCfg = Release|x64
		{DF60AF1D-5550-429D-8E06-4BD4F2E01A70}.Release|x64.Build.0 = Release|x64
	EndGlobalSection
	GlobalSection(SolutionProperties) = preSolution
		HideSolutionNode = FALSE
	EndGlobalSection
	GlobalSection(ExtensibilityGlobals) = postSolution
		SolutionGuid = {9513BFFB-C2A2-42D0-A30A-16D416AD90E1}
	EndGlobalSection
EndGlobal
